
Microsoft Visual Studio Solution File, Format Version 12.00
# Visual Studio 14
VisualStudioVersion = 14.0.23107.0
MinimumVisualStudioVersion = 10.0.40219.1
Project("{FAE04EC0-301F-11D3-BF4B-00C04F79EFBC}") = "Q1", "Q1\Q1.csproj", "{CAB27F62-36FD-4B7C-961E-BBBE4DB98DD3}"
EndProject
Project("{FAE04EC0-301F-11D3-BF4B-00C04F79EFBC}") = "Q2", "Q2\Q2.csproj", "{E10B45EE-7824-4FF9-8157-C016911AEB48}"
EndProject
Project("{FAE04EC0-301F-11D3-BF4B-00C04F79EFBC}") = "Q3", "Q3\Q3.csproj", "{6D695177-F459-415C-B10B-861F33FDDAF6}"
EndProject
Project("{FAE04EC0-301F-11D3-BF4B-00C04F79EFBC}") = "Q4", "Q4\Q4.csproj", "{3FF3B7F7-FBC0-41D0-BB6A-02D276FCE552}"
EndProject
Project("{FAE04EC0-301F-11D3-BF4B-00C04F79EFBC}") = "Q5", "Q5\Q5.csproj", "{03E2A6B7-FA72-4D2D-B703-530B37EBE402}"
EndProject
Project("{FAE04EC0-301F-11D3-BF4B-00C04F79EFBC}") = "Q6", "Q6\Q6.csproj", "{4CE88225-5730-4BEE-86E4-619D78C4B6ED}"
EndProject
Project("{FAE04EC0-301F-11D3-BF4B-00C04F79EFBC}") = "Q7", "Q7\Q7.csproj", "{007328BF-4C99-4798-B338-AA31A0DF7D71}"
EndProject
Project("{FAE04EC0-301F-11D3-BF4B-00C04F79EFBC}") = "Q8", "Q8\Q8.csproj", "{5594278B-E0E8-4D30-B29E-96CDABD8449B}"
EndProject
Project("{FAE04EC0-301F-11D3-BF4B-00C04F79EFBC}") = "Q9", "Q9\Q9.csproj", "{FD3AFEA8-66AE-4866-8135-94A99C3BDD18}"
EndProject
Project("{FAE04EC0-301F-11D3-BF4B-00C04F79EFBC}") = "Q10", "Q10\Q10.csproj", "{094E3824-E05A-45B0-BA59-B4528386E4FE}"
EndProject
Project("{FAE04EC0-301F-11D3-BF4B-00C04F79EFBC}") = "Q11", "Q11\Q11.csproj", "{82E54F25-B487-453D-ABB0-3A9C9D36CCF6}"
EndProject
Global
	GlobalSection(SolutionConfigurationPlatforms) = preSolution
		Debug|Any CPU = Debug|Any CPU
		Release|Any CPU = Release|Any CPU
	EndGlobalSection
	GlobalSection(ProjectConfigurationPlatforms) = postSolution
		{CAB27F62-36FD-4B7C-961E-BBBE4DB98DD3}.Debug|Any CPU.ActiveCfg = Debug|Any CPU
		{CAB27F62-36FD-4B7C-961E-BBBE4DB98DD3}.Debug|Any CPU.Build.0 = Debug|Any CPU
		{CAB27F62-36FD-4B7C-961E-BBBE4DB98DD3}.Release|Any CPU.ActiveCfg = Release|Any CPU
		{CAB27F62-36FD-4B7C-961E-BBBE4DB98DD3}.Release|Any CPU.Build.0 = Release|Any CPU
		{E10B45EE-7824-4FF9-8157-C016911AEB48}.Debug|Any CPU.ActiveCfg = Debug|Any CPU
		{E10B45EE-7824-4FF9-8157-C016911AEB48}.Debug|Any CPU.Build.0 = Debug|Any CPU
		{E10B45EE-7824-4FF9-8157-C016911AEB48}.Release|Any CPU.ActiveCfg = Release|Any CPU
		{E10B45EE-7824-4FF9-8157-C016911AEB48}.Release|Any CPU.Build.0 = Release|Any CPU
		{6D695177-F459-415C-B10B-861F33FDDAF6}.Debug|Any CPU.ActiveCfg = Debug|Any CPU
		{6D695177-F459-415C-B10B-861F33FDDAF6}.Debug|Any CPU.Build.0 = Debug|Any CPU
		{6D695177-F459-415C-B10B-861F33FDDAF6}.Release|Any CPU.ActiveCfg = Release|Any CPU
		{6D695177-F459-415C-B10B-861F33FDDAF6}.Release|Any CPU.Build.0 = Release|Any CPU
		{3FF3B7F7-FBC0-41D0-BB6A-02D276FCE552}.Debug|Any CPU.ActiveCfg = Debug|Any CPU
		{3FF3B7F7-FBC0-41D0-BB6A-02D276FCE552}.Debug|Any CPU.Build.0 = Debug|Any CPU
		{3FF3B7F7-FBC0-41D0-BB6A-02D276FCE552}.Release|Any CPU.ActiveCfg = Release|Any CPU
		{3FF3B7F7-FBC0-41D0-BB6A-02D276FCE552}.Release|Any CPU.Build.0 = Release|Any CPU
		{03E2A6B7-FA72-4D2D-B703-530B37EBE402}.Debug|Any CPU.ActiveCfg = Debug|Any CPU
		{03E2A6B7-FA72-4D2D-B703-530B37EBE402}.Debug|Any CPU.Build.0 = Debug|Any CPU
		{03E2A6B7-FA72-4D2D-B703-530B37EBE402}.Release|Any CPU.ActiveCfg = Release|Any CPU
		{03E2A6B7-FA72-4D2D-B703-530B37EBE402}.Release|Any CPU.Build.0 = Release|Any CPU
		{4CE88225-5730-4BEE-86E4-619D78C4B6ED}.Debug|Any CPU.ActiveCfg = Debug|Any CPU
		{4CE88225-5730-4BEE-86E4-619D78C4B6ED}.Debug|Any CPU.Build.0 = Debug|Any CPU
		{4CE88225-5730-4BEE-86E4-619D78C4B6ED}.Release|Any CPU.ActiveCfg = Release|Any CPU
		{4CE88225-5730-4BEE-86E4-619D78C4B6ED}.Release|Any CPU.Build.0 = Release|Any CPU
		{007328BF-4C99-4798-B338-AA31A0DF7D71}.Debug|Any CPU.ActiveCfg = Debug|Any CPU
		{007328BF-4C99-4798-B338-AA31A0DF7D71}.Debug|Any CPU.Build.0 = Debug|Any CPU
		{007328BF-4C99-4798-B338-AA31A0DF7D71}.Release|Any CPU.ActiveCfg = Release|Any CPU
		{007328BF-4C99-4798-B338-AA31A0DF7D71}.Release|Any CPU.Build.0 = Release|Any CPU
		{5594278B-E0E8-4D30-B29E-96CDABD8449B}.Debug|Any CPU.ActiveCfg = Debug|Any CPU
		{5594278B-E0E8-4D30-B29E-96CDABD8449B}.Debug|Any CPU.Build.0 = Debug|Any CPU
		{5594278B-E0E8-4D30-B29E-96CDABD8449B}.Release|Any CPU.ActiveCfg = Release|Any CPU
		{5594278B-E0E8-4D30-B29E-96CDABD8449B}.Release|Any CPU.Build.0 = Release|Any CPU
		{FD3AFEA8-66AE-4866-8135-94A99C3BDD18}.Debug|Any CPU.ActiveCfg = Debug|Any CPU
		{FD3AFEA8-66AE-4866-8135-94A99C3BDD18}.Debug|Any CPU.Build.0 = Debug|Any CPU
		{FD3AFEA8-66AE-4866-8135-94A99C3BDD18}.Release|Any CPU.ActiveCfg = Release|Any CPU
		{FD3AFEA8-66AE-4866-8135-94A99C3BDD18}.Release|Any CPU.Build.0 = Release|Any CPU
		{094E3824-E05A-45B0-BA59-B4528386E4FE}.Debug|Any CPU.ActiveCfg = Debug|Any CPU
		{094E3824-E05A-45B0-BA59-B4528386E4FE}.Debug|Any CPU.Build.0 = Debug|Any CPU
		{094E3824-E05A-45B0-BA59-B4528386E4FE}.Release|Any CPU.ActiveCfg = Release|Any CPU
		{094E3824-E05A-45B0-BA59-B4528386E4FE}.Release|Any CPU.Build.0 = Release|Any CPU
		{82E54F25-B487-453D-ABB0-3A9C9D36CCF6}.Debug|Any CPU.ActiveCfg = Debug|Any CPU
		{82E54F25-B487-453D-ABB0-3A9C9D36CCF6}.Debug|Any CPU.Build.0 = Debug|Any CPU
		{82E54F25-B487-453D-ABB0-3A9C9D36CCF6}.Release|Any CPU.ActiveCfg = Release|Any CPU
		{82E54F25-B487-453D-ABB0-3A9C9D36CCF6}.Release|Any CPU.Build.0 = Release|Any CPU
	EndGlobalSection
	GlobalSection(SolutionProperties) = preSolution
		HideSolutionNode = FALSE
	EndGlobalSection
EndGlobal
