
Microsoft Visual Studio Solution File, Format Version 12.00
# Visual Studio 14
VisualStudioVersion = 14.0.23107.0
MinimumVisualStudioVersion = 10.0.40219.1
Project("{FAE04EC0-301F-11D3-BF4B-00C04F79EFBC}") = "Assignment2", "Assignment2\Assignment2.csproj", "{0E00A403-BA0C-4294-BF33-FEB4CF917ED8}"
EndProject
Project("{FAE04EC0-301F-11D3-BF4B-00C04F79EFBC}") = "GradeCalculator", "GradeScores\GradeCalculator.csproj", "{B8021072-AF05-4A84-9E3A-ED49714C7FF2}"
EndProject
Global
	GlobalSection(SolutionConfigurationPlatforms) = preSolution
		Debug|Any CPU = Debug|Any CPU
		Release|Any CPU = Release|Any CPU
	EndGlobalSection
	GlobalSection(ProjectConfigurationPlatforms) = postSolution
		{0E00A403-BA0C-4294-BF33-FEB4CF917ED8}.Debug|Any CPU.ActiveCfg = Debug|Any CPU
		{0E00A403-BA0C-4294-BF33-FEB4CF917ED8}.Debug|Any CPU.Build.0 = Debug|Any CPU
		{0E00A403-BA0C-4294-BF33-FEB4CF917ED8}.Release|Any CPU.ActiveCfg = Release|Any CPU
		{0E00A403-BA0C-4294-BF33-FEB4CF917ED8}.Release|Any CPU.Build.0 = Release|Any CPU
		{B8021072-AF05-4A84-9E3A-ED49714C7FF2}.Debug|Any CPU.ActiveCfg = Debug|Any CPU
		{B8021072-AF05-4A84-9E3A-ED49714C7FF2}.Debug|Any CPU.Build.0 = Debug|Any CPU
		{B8021072-AF05-4A84-9E3A-ED49714C7FF2}.Release|Any CPU.ActiveCfg = Release|Any CPU
		{B8021072-AF05-4A84-9E3A-ED49714C7FF2}.Release|Any CPU.Build.0 = Release|Any CPU
	EndGlobalSection
	GlobalSection(SolutionProperties) = preSolution
		HideSolutionNode = FALSE
	EndGlobalSection
EndGlobal
