
Microsoft Visual Studio Solution File, Format Version 12.00
# Visual Studio 14
VisualStudioVersion = 14.0.24720.0
MinimumVisualStudioVersion = 10.0.40219.1
Project("{FAE04EC0-301F-11D3-BF4B-00C04F79EFBC}") = "CA2", "CA2\CA2.csproj", "{4E9C88E7-587D-43A5-8432-A873CA929552}"
EndProject
Project("{2150E333-8FDC-42A3-9474-1A3956D46DE8}") = "Tests", "Tests", "{682C0934-EF6B-4C3F-869F-13E03E2A0990}"
EndProject
Project("{FAE04EC0-301F-11D3-BF4B-00C04F79EFBC}") = "CA2Test", "CA2Test\CA2Test.csproj", "{59C67E5E-571D-4586-9BAF-A8F8A04F6C15}"
EndProject
Global
	GlobalSection(SolutionConfigurationPlatforms) = preSolution
		Debug|Any CPU = Debug|Any CPU
		Release|Any CPU = Release|Any CPU
	EndGlobalSection
	GlobalSection(ProjectConfigurationPlatforms) = postSolution
		{4E9C88E7-587D-43A5-8432-A873CA929552}.Debug|Any CPU.ActiveCfg = Debug|Any CPU
		{4E9C88E7-587D-43A5-8432-A873CA929552}.Debug|Any CPU.Build.0 = Debug|Any CPU
		{4E9C88E7-587D-43A5-8432-A873CA929552}.Release|Any CPU.ActiveCfg = Release|Any CPU
		{4E9C88E7-587D-43A5-8432-A873CA929552}.Release|Any CPU.Build.0 = Release|Any CPU
		{59C67E5E-571D-4586-9BAF-A8F8A04F6C15}.Debug|Any CPU.ActiveCfg = Debug|Any CPU
		{59C67E5E-571D-4586-9BAF-A8F8A04F6C15}.Debug|Any CPU.Build.0 = Debug|Any CPU
		{59C67E5E-571D-4586-9BAF-A8F8A04F6C15}.Release|Any CPU.ActiveCfg = Release|Any CPU
		{59C67E5E-571D-4586-9BAF-A8F8A04F6C15}.Release|Any CPU.Build.0 = Release|Any CPU
	EndGlobalSection
	GlobalSection(SolutionProperties) = preSolution
		HideSolutionNode = FALSE
	EndGlobalSection
	GlobalSection(NestedProjects) = preSolution
		{59C67E5E-571D-4586-9BAF-A8F8A04F6C15} = {682C0934-EF6B-4C3F-869F-13E03E2A0990}
	EndGlobalSection
EndGlobal
