
Microsoft Visual Studio Solution File, Format Version 12.00
# Visual Studio 14
VisualStudioVersion = 14.0.24720.0
MinimumVisualStudioVersion = 10.0.40219.1
Project("{FAE04EC0-301F-11D3-BF4B-00C04F79EFBC}") = "Q1", "Practical1\Q1.csproj", "{10BFD6CF-4DDE-4FB5-984B-3DDBC3C566ED}"
EndProject
Project("{FAE04EC0-301F-11D3-BF4B-00C04F79EFBC}") = "Q2", "Q2\Q2.csproj", "{D34E71B9-9257-45F6-A3F4-5E495334C6DD}"
EndProject
Project("{FAE04EC0-301F-11D3-BF4B-00C04F79EFBC}") = "Q3", "Q3\Q3.csproj", "{9ED817D4-57C4-40EC-8948-7044398A7C5E}"
EndProject
Project("{FAE04EC0-301F-11D3-BF4B-00C04F79EFBC}") = "Q4", "q4\Q4.csproj", "{E14B81F8-D0D3-41C1-9FA6-F7D0E1DE2D00}"
EndProject
Project("{FAE04EC0-301F-11D3-BF4B-00C04F79EFBC}") = "Q5", "Q5\Q5.csproj", "{D9338765-7380-472D-836B-B0E44CE82090}"
EndProject
Project("{FAE04EC0-301F-11D3-BF4B-00C04F79EFBC}") = "Q6", "Q6\Q6.csproj", "{EAD7DDB1-FB3B-4311-9F07-0FADBA226290}"
EndProject
Project("{FAE04EC0-301F-11D3-BF4B-00C04F79EFBC}") = "Q7", "Q7\Q7.csproj", "{8F85FFD2-40CD-45DA-BBDD-3378BD755281}"
EndProject
Project("{FAE04EC0-301F-11D3-BF4B-00C04F79EFBC}") = "Q8", "Q8\Q8.csproj", "{AB99984C-AD6D-4915-97AE-A439EC254750}"
EndProject
Project("{FAE04EC0-301F-11D3-BF4B-00C04F79EFBC}") = "Q9", "Q9\Q9.csproj", "{8C69ED3E-3476-4AA2-B6B6-97B1133B4A07}"
EndProject
Project("{FAE04EC0-301F-11D3-BF4B-00C04F79EFBC}") = "Q10", "Q10\Q10.csproj", "{D4684A3A-7FA5-49C6-AE76-982B3617F5BD}"
EndProject
Global
	GlobalSection(SolutionConfigurationPlatforms) = preSolution
		Debug|Any CPU = Debug|Any CPU
		Release|Any CPU = Release|Any CPU
	EndGlobalSection
	GlobalSection(ProjectConfigurationPlatforms) = postSolution
		{10BFD6CF-4DDE-4FB5-984B-3DDBC3C566ED}.Debug|Any CPU.ActiveCfg = Debug|Any CPU
		{10BFD6CF-4DDE-4FB5-984B-3DDBC3C566ED}.Debug|Any CPU.Build.0 = Debug|Any CPU
		{10BFD6CF-4DDE-4FB5-984B-3DDBC3C566ED}.Release|Any CPU.ActiveCfg = Release|Any CPU
		{10BFD6CF-4DDE-4FB5-984B-3DDBC3C566ED}.Release|Any CPU.Build.0 = Release|Any CPU
		{D34E71B9-9257-45F6-A3F4-5E495334C6DD}.Debug|Any CPU.ActiveCfg = Debug|Any CPU
		{D34E71B9-9257-45F6-A3F4-5E495334C6DD}.Debug|Any CPU.Build.0 = Debug|Any CPU
		{D34E71B9-9257-45F6-A3F4-5E495334C6DD}.Release|Any CPU.ActiveCfg = Release|Any CPU
		{D34E71B9-9257-45F6-A3F4-5E495334C6DD}.Release|Any CPU.Build.0 = Release|Any CPU
		{9ED817D4-57C4-40EC-8948-7044398A7C5E}.Debug|Any CPU.ActiveCfg = Debug|Any CPU
		{9ED817D4-57C4-40EC-8948-7044398A7C5E}.Debug|Any CPU.Build.0 = Debug|Any CPU
		{9ED817D4-57C4-40EC-8948-7044398A7C5E}.Release|Any CPU.ActiveCfg = Release|Any CPU
		{9ED817D4-57C4-40EC-8948-7044398A7C5E}.Release|Any CPU.Build.0 = Release|Any CPU
		{E14B81F8-D0D3-41C1-9FA6-F7D0E1DE2D00}.Debug|Any CPU.ActiveCfg = Debug|Any CPU
		{E14B81F8-D0D3-41C1-9FA6-F7D0E1DE2D00}.Debug|Any CPU.Build.0 = Debug|Any CPU
		{E14B81F8-D0D3-41C1-9FA6-F7D0E1DE2D00}.Release|Any CPU.ActiveCfg = Release|Any CPU
		{E14B81F8-D0D3-41C1-9FA6-F7D0E1DE2D00}.Release|Any CPU.Build.0 = Release|Any CPU
		{D9338765-7380-472D-836B-B0E44CE82090}.Debug|Any CPU.ActiveCfg = Debug|Any CPU
		{D9338765-7380-472D-836B-B0E44CE82090}.Debug|Any CPU.Build.0 = Debug|Any CPU
		{D9338765-7380-472D-836B-B0E44CE82090}.Release|Any CPU.ActiveCfg = Release|Any CPU
		{D9338765-7380-472D-836B-B0E44CE82090}.Release|Any CPU.Build.0 = Release|Any CPU
		{EAD7DDB1-FB3B-4311-9F07-0FADBA226290}.Debug|Any CPU.ActiveCfg = Debug|Any CPU
		{EAD7DDB1-FB3B-4311-9F07-0FADBA226290}.Debug|Any CPU.Build.0 = Debug|Any CPU
		{EAD7DDB1-FB3B-4311-9F07-0FADBA226290}.Release|Any CPU.ActiveCfg = Release|Any CPU
		{EAD7DDB1-FB3B-4311-9F07-0FADBA226290}.Release|Any CPU.Build.0 = Release|Any CPU
		{8F85FFD2-40CD-45DA-BBDD-3378BD755281}.Debug|Any CPU.ActiveCfg = Debug|Any CPU
		{8F85FFD2-40CD-45DA-BBDD-3378BD755281}.Debug|Any CPU.Build.0 = Debug|Any CPU
		{8F85FFD2-40CD-45DA-BBDD-3378BD755281}.Release|Any CPU.ActiveCfg = Release|Any CPU
		{8F85FFD2-40CD-45DA-BBDD-3378BD755281}.Release|Any CPU.Build.0 = Release|Any CPU
		{AB99984C-AD6D-4915-97AE-A439EC254750}.Debug|Any CPU.ActiveCfg = Debug|Any CPU
		{AB99984C-AD6D-4915-97AE-A439EC254750}.Debug|Any CPU.Build.0 = Debug|Any CPU
		{AB99984C-AD6D-4915-97AE-A439EC254750}.Release|Any CPU.ActiveCfg = Release|Any CPU
		{AB99984C-AD6D-4915-97AE-A439EC254750}.Release|Any CPU.Build.0 = Release|Any CPU
		{8C69ED3E-3476-4AA2-B6B6-97B1133B4A07}.Debug|Any CPU.ActiveCfg = Debug|Any CPU
		{8C69ED3E-3476-4AA2-B6B6-97B1133B4A07}.Debug|Any CPU.Build.0 = Debug|Any CPU
		{8C69ED3E-3476-4AA2-B6B6-97B1133B4A07}.Release|Any CPU.ActiveCfg = Release|Any CPU
		{8C69ED3E-3476-4AA2-B6B6-97B1133B4A07}.Release|Any CPU.Build.0 = Release|Any CPU
		{D4684A3A-7FA5-49C6-AE76-982B3617F5BD}.Debug|Any CPU.ActiveCfg = Debug|Any CPU
		{D4684A3A-7FA5-49C6-AE76-982B3617F5BD}.Debug|Any CPU.Build.0 = Debug|Any CPU
		{D4684A3A-7FA5-49C6-AE76-982B3617F5BD}.Release|Any CPU.ActiveCfg = Release|Any CPU
		{D4684A3A-7FA5-49C6-AE76-982B3617F5BD}.Release|Any CPU.Build.0 = Release|Any CPU
	EndGlobalSection
	GlobalSection(SolutionProperties) = preSolution
		HideSolutionNode = FALSE
	EndGlobalSection
EndGlobal
