
Microsoft Visual Studio Solution File, Format Version 12.00
# Visual Studio 14
VisualStudioVersion = 14.0.23107.0
MinimumVisualStudioVersion = 10.0.40219.1
Project("{FAE04EC0-301F-11D3-BF4B-00C04F79EFBC}") = "Q1", "Q1\Q1.csproj", "{E494DA69-64D5-4F84-A1AA-CA70C3CCCE06}"
EndProject
Project("{FAE04EC0-301F-11D3-BF4B-00C04F79EFBC}") = "Q2", "Q2\Q2.csproj", "{C685C7D6-0AF8-4E6D-98BE-E2A2069E683F}"
EndProject
Project("{FAE04EC0-301F-11D3-BF4B-00C04F79EFBC}") = "Q3", "Q3\Q3.csproj", "{DA10F13E-3C63-4BE1-9A4C-55FC4C574D84}"
EndProject
Project("{FAE04EC0-301F-11D3-BF4B-00C04F79EFBC}") = "Q4", "Q4\Q4.csproj", "{E694108E-8FA6-4300-B2A5-CA9C5D59FEDA}"
EndProject
Project("{FAE04EC0-301F-11D3-BF4B-00C04F79EFBC}") = "Q5", "Q5\Q5.csproj", "{D52ECA88-29BD-4ABA-B093-48377B72DADB}"
EndProject
Project("{FAE04EC0-301F-11D3-BF4B-00C04F79EFBC}") = "Q6", "Q6\Q6.csproj", "{840F9BFE-D84C-4038-9317-6ED547A67138}"
EndProject
Project("{FAE04EC0-301F-11D3-BF4B-00C04F79EFBC}") = "Q7", "Q7\Q7.csproj", "{E501A422-B647-4E14-B2E6-FBF21189D3EF}"
EndProject
Project("{FAE04EC0-301F-11D3-BF4B-00C04F79EFBC}") = "Q8", "Q8\Q8.csproj", "{8881E1D1-A3C8-4588-8CBF-DFC7953410CB}"
EndProject
Project("{FAE04EC0-301F-11D3-BF4B-00C04F79EFBC}") = "Q9", "Q9\Q9.csproj", "{5945BEFB-44ED-40F7-BD6E-96802D8C0E8D}"
EndProject
Global
	GlobalSection(SolutionConfigurationPlatforms) = preSolution
		Debug|Any CPU = Debug|Any CPU
		Release|Any CPU = Release|Any CPU
	EndGlobalSection
	GlobalSection(ProjectConfigurationPlatforms) = postSolution
		{E494DA69-64D5-4F84-A1AA-CA70C3CCCE06}.Debug|Any CPU.ActiveCfg = Debug|Any CPU
		{E494DA69-64D5-4F84-A1AA-CA70C3CCCE06}.Debug|Any CPU.Build.0 = Debug|Any CPU
		{E494DA69-64D5-4F84-A1AA-CA70C3CCCE06}.Release|Any CPU.ActiveCfg = Release|Any CPU
		{E494DA69-64D5-4F84-A1AA-CA70C3CCCE06}.Release|Any CPU.Build.0 = Release|Any CPU
		{C685C7D6-0AF8-4E6D-98BE-E2A2069E683F}.Debug|Any CPU.ActiveCfg = Debug|Any CPU
		{C685C7D6-0AF8-4E6D-98BE-E2A2069E683F}.Debug|Any CPU.Build.0 = Debug|Any CPU
		{C685C7D6-0AF8-4E6D-98BE-E2A2069E683F}.Release|Any CPU.ActiveCfg = Release|Any CPU
		{C685C7D6-0AF8-4E6D-98BE-E2A2069E683F}.Release|Any CPU.Build.0 = Release|Any CPU
		{DA10F13E-3C63-4BE1-9A4C-55FC4C574D84}.Debug|Any CPU.ActiveCfg = Debug|Any CPU
		{DA10F13E-3C63-4BE1-9A4C-55FC4C574D84}.Debug|Any CPU.Build.0 = Debug|Any CPU
		{DA10F13E-3C63-4BE1-9A4C-55FC4C574D84}.Release|Any CPU.ActiveCfg = Release|Any CPU
		{DA10F13E-3C63-4BE1-9A4C-55FC4C574D84}.Release|Any CPU.Build.0 = Release|Any CPU
		{E694108E-8FA6-4300-B2A5-CA9C5D59FEDA}.Debug|Any CPU.ActiveCfg = Debug|Any CPU
		{E694108E-8FA6-4300-B2A5-CA9C5D59FEDA}.Debug|Any CPU.Build.0 = Debug|Any CPU
		{E694108E-8FA6-4300-B2A5-CA9C5D59FEDA}.Release|Any CPU.ActiveCfg = Release|Any CPU
		{E694108E-8FA6-4300-B2A5-CA9C5D59FEDA}.Release|Any CPU.Build.0 = Release|Any CPU
		{D52ECA88-29BD-4ABA-B093-48377B72DADB}.Debug|Any CPU.ActiveCfg = Debug|Any CPU
		{D52ECA88-29BD-4ABA-B093-48377B72DADB}.Debug|Any CPU.Build.0 = Debug|Any CPU
		{D52ECA88-29BD-4ABA-B093-48377B72DADB}.Release|Any CPU.ActiveCfg = Release|Any CPU
		{D52ECA88-29BD-4ABA-B093-48377B72DADB}.Release|Any CPU.Build.0 = Release|Any CPU
		{840F9BFE-D84C-4038-9317-6ED547A67138}.Debug|Any CPU.ActiveCfg = Debug|Any CPU
		{840F9BFE-D84C-4038-9317-6ED547A67138}.Debug|Any CPU.Build.0 = Debug|Any CPU
		{840F9BFE-D84C-4038-9317-6ED547A67138}.Release|Any CPU.ActiveCfg = Release|Any CPU
		{840F9BFE-D84C-4038-9317-6ED547A67138}.Release|Any CPU.Build.0 = Release|Any CPU
		{E501A422-B647-4E14-B2E6-FBF21189D3EF}.Debug|Any CPU.ActiveCfg = Debug|Any CPU
		{E501A422-B647-4E14-B2E6-FBF21189D3EF}.Debug|Any CPU.Build.0 = Debug|Any CPU
		{E501A422-B647-4E14-B2E6-FBF21189D3EF}.Release|Any CPU.ActiveCfg = Release|Any CPU
		{E501A422-B647-4E14-B2E6-FBF21189D3EF}.Release|Any CPU.Build.0 = Release|Any CPU
		{8881E1D1-A3C8-4588-8CBF-DFC7953410CB}.Debug|Any CPU.ActiveCfg = Debug|Any CPU
		{8881E1D1-A3C8-4588-8CBF-DFC7953410CB}.Debug|Any CPU.Build.0 = Debug|Any CPU
		{8881E1D1-A3C8-4588-8CBF-DFC7953410CB}.Release|Any CPU.ActiveCfg = Release|Any CPU
		{8881E1D1-A3C8-4588-8CBF-DFC7953410CB}.Release|Any CPU.Build.0 = Release|Any CPU
		{5945BEFB-44ED-40F7-BD6E-96802D8C0E8D}.Debug|Any CPU.ActiveCfg = Debug|Any CPU
		{5945BEFB-44ED-40F7-BD6E-96802D8C0E8D}.Debug|Any CPU.Build.0 = Debug|Any CPU
		{5945BEFB-44ED-40F7-BD6E-96802D8C0E8D}.Release|Any CPU.ActiveCfg = Release|Any CPU
		{5945BEFB-44ED-40F7-BD6E-96802D8C0E8D}.Release|Any CPU.Build.0 = Release|Any CPU
	EndGlobalSection
	GlobalSection(SolutionProperties) = preSolution
		HideSolutionNode = FALSE
	EndGlobalSection
EndGlobal
